
Microsoft Visual Studio Solution File, Format Version 12.00
# Visual Studio 15
VisualStudioVersion = 15.0.27703.2035
MinimumVisualStudioVersion = 10.0.40219.1
Project("{FAE04EC0-301F-11D3-BF4B-00C04F79EFBC}") = "ConsoleApp3", "ConsoleApp3\ConsoleApp3.csproj", "{85228CDF-45EF-4BE5-BAEB-3F84C325F553}"
EndProject
Global
	GlobalSection(SolutionConfigurationPlatforms) = preSolution
		Debug|Any CPU = Debug|Any CPU
		Release|Any CPU = Release|Any CPU
	EndGlobalSection
	GlobalSection(ProjectConfigurationPlatforms) = postSolution
		{85228CDF-45EF-4BE5-BAEB-3F84C325F553}.Debug|Any CPU.ActiveCfg = Debug|Any CPU
		{85228CDF-45EF-4BE5-BAEB-3F84C325F553}.Debug|Any CPU.Build.0 = Debug|Any CPU
		{85228CDF-45EF-4BE5-BAEB-3F84C325F553}.Release|Any CPU.ActiveCfg = Release|Any CPU
		{85228CDF-45EF-4BE5-BAEB-3F84C325F553}.Release|Any CPU.Build.0 = Release|Any CPU
	EndGlobalSection
	GlobalSection(SolutionProperties) = preSolution
		HideSolutionNode = FALSE
	EndGlobalSection
	GlobalSection(ExtensibilityGlobals) = postSolution
		SolutionGuid = {C03D5554-E7CF-47F5-B2B8-3F5278F9610F}
	EndGlobalSection
EndGlobal
